{
    "_readme": [
        "This file locks the dependencies of your project to a known state",
        "Read more about it at https://getcomposer.org/doc/01-basic-usage.md#composer-lock-the-lock-file",
        "This file is @generated automatically"
    ],
    "content-hash": "8ce5fbfa228e0e9730f99d9cd686599a",
    "packages": [
        {
            "name": "dadlian/addendum",
            "version": "v1.0.6",
            "source": {
                "type": "git",
                "url": "https://github.com/dadlian/addendum.git",
                "reference": "5633c1ff41a7073fe9347ddbdc48b418b88f7fe4"
            },
            "dist": {
                "type": "zip",
                "url": "https://api.github.com/repos/dadlian/addendum/zipball/5633c1ff41a7073fe9347ddbdc48b418b88f7fe4",
                "reference": "5633c1ff41a7073fe9347ddbdc48b418b88f7fe4",
                "shasum": ""
            },
            "require": {
                "php": ">=7.1"
            },
            "require-dev": {
                "phpunit/phpunit": "6.*"
            },
            "type": "library",
            "autoload": {
                "psr-4": {
                    "Dadlian\\Addendum\\": "src/"
                }
            },
            "notification-url": "https://packagist.org/downloads/",
            "license": [
                "MIT"
            ],
            "authors": [
                {
                    "name": "Sven James",
                    "email": "sven@kycsar.com"
                }
            ],
            "description": "Composer package support for jsuchal/addendum PHP annotations library.",
            "keywords": [
                "addendum",
                "annotations",
                "composer",
                "jsuchal",
                "php"
            ],
            "time": "2019-01-10T19:29:09+00:00"
        },
        {
            "name": "dadlian/wadapi-framework",
            "version": "v1.0.6",
            "source": {
                "type": "git",
                "url": "https://github.com/dadlian/wadapi-framework.git",
                "reference": "1d40b8fc504d0f1487b8fab153887b80e65fbc98"
            },
            "dist": {
                "type": "zip",
                "url": "https://api.github.com/repos/dadlian/wadapi-framework/zipball/1d40b8fc504d0f1487b8fab153887b80e65fbc98",
                "reference": "1d40b8fc504d0f1487b8fab153887b80e65fbc98",
                "shasum": ""
            },
            "require": {
                "dadlian/addendum": "^1.0",
                "php": ">=7.1"
            },
            "require-dev": {
                "phpunit/phpunit": "6.*"
            },
            "type": "library",
            "autoload": {
                "psr-4": {
                    "Wadapi\\": "src/"
                }
            },
            "notification-url": "https://packagist.org/downloads/",
            "license": [
                "MIT"
            ],
            "authors": [
                {
                    "name": "Sven James",
                    "email": "sven@kycsar.com"
                }
            ],
            "description": "The core library of the Wadapi PHP API Engine.",
            "keywords": [
                "api",
                "engine",
                "framework",
                "php",
                "wadapi"
            ],
            "time": "2019-07-04T01:06:19+00:00"
        }
    ],
    "packages-dev": [],
    "aliases": [],
    "minimum-stability": "stable",
    "stability-flags": [],
    "prefer-stable": false,
    "prefer-lowest": false,
    "platform": [],
    "platform-dev": []
}
